{
  "name": "constellation-editor-wails-proxy",
  "version": "0.0.0",
  "lockfileVersion": 3,
  "requires": true,
  "packages": {
    "": {
      "name": "constellation-editor-wails-proxy",
      "version": "0.0.0",
      "dependencies": {
        "constellation-editor-wails-placeholder": "file:../frontend"
      }
    },
    "../frontend": {
      "name": "constellation-editor-wails-placeholder",
      "version": "0.0.0"
    },
    "node_modules/constellation-editor-wails-placeholder": {
      "resolved": "../frontend",
      "link": true
    }
  }
}
